
Microsoft Visual Studio Solution File, Format Version 12.00
# Visual Studio Version 17
VisualStudioVersion = 17.8.34511.84
MinimumVisualStudioVersion = 10.0.40219.1
Project("{8BC9CEB8-8B4A-11D0-8D11-00A0C91BC942}") = "EngineBase", "EngineBase\EngineBase.vcxproj", "{EA197215-13BB-4729-9573-DB483A0EE1A3}"
EndProject
Project("{8BC9CEB8-8B4A-11D0-8D11-00A0C91BC942}") = "EnginePlatform", "EnginePlatform\EnginePlatform.vcxproj", "{F0716EC2-0BC5-43EA-9046-B203E0985A67}"
EndProject
Project("{8BC9CEB8-8B4A-11D0-8D11-00A0C91BC942}") = "App", "App\App.vcxproj", "{E6AD8489-E7AB-4940-9D99-7020C713846C}"
	ProjectSection(ProjectDependencies) = postProject
		{E900C797-09AD-46CE-9F93-4065214CF169} = {E900C797-09AD-46CE-9F93-4065214CF169}
	EndProjectSection
EndProject
Project("{2150E333-8FDC-42A3-9474-1A3956D46DE8}") = "Level0", "Level0", "{1C8761A0-A3EF-40C0-98E4-C78AB2B787AC}"
EndProject
Project("{2150E333-8FDC-42A3-9474-1A3956D46DE8}") = "Level1", "Level1", "{E54C6EC2-5097-4986-A7C5-AF0C5D5FC52B}"
EndProject
Project("{2150E333-8FDC-42A3-9474-1A3956D46DE8}") = "Level2", "Level2", "{70B466A1-B8E8-44E4-96F4-B934B9CCB3BF}"
EndProject
Project("{2150E333-8FDC-42A3-9474-1A3956D46DE8}") = "Level3", "Level3", "{04F697BD-E005-4035-B6A7-530F741FB487}"
EndProject
Project("{2150E333-8FDC-42A3-9474-1A3956D46DE8}") = "Level4", "Level4", "{37F7F441-AA19-4A3F-8C44-8A88B4397CB1}"
EndProject
Project("{8BC9CEB8-8B4A-11D0-8D11-00A0C91BC942}") = "EngineCore", "EngineCore\EngineCore.vcxproj", "{E900C797-09AD-46CE-9F93-4065214CF169}"
	ProjectSection(ProjectDependencies) = postProject
		{EA197215-13BB-4729-9573-DB483A0EE1A3} = {EA197215-13BB-4729-9573-DB483A0EE1A3}
		{F0716EC2-0BC5-43EA-9046-B203E0985A67} = {F0716EC2-0BC5-43EA-9046-B203E0985A67}
	EndProjectSection
EndProject
Project("{8BC9CEB8-8B4A-11D0-8D11-00A0C91BC942}") = "ContentsCore", "ContentsCore\ContentsCore.vcxproj", "{A61BCCCA-AE6F-47A9-A48F-455EDCB55148}"
EndProject
Project("{8BC9CEB8-8B4A-11D0-8D11-00A0C91BC942}") = "EngineShader", "EngineShader\EngineShader.vcxproj", "{48EA064C-43D1-448E-A47D-9534DB00D4F7}"
EndProject
Project("{8BC9CEB8-8B4A-11D0-8D11-00A0C91BC942}") = "ContentsShader", "ContentsShader\ContentsShader.vcxproj", "{4D4CD930-A8EE-4E47-B65A-CB02F35E2595}"
EndProject
Global
	GlobalSection(SolutionConfigurationPlatforms) = preSolution
		Debug|x64 = Debug|x64
		Debug|x86 = Debug|x86
		Release|x64 = Release|x64
		Release|x86 = Release|x86
	EndGlobalSection
	GlobalSection(ProjectConfigurationPlatforms) = postSolution
		{EA197215-13BB-4729-9573-DB483A0EE1A3}.Debug|x64.ActiveCfg = Debug|x64
		{EA197215-13BB-4729-9573-DB483A0EE1A3}.Debug|x64.Build.0 = Debug|x64
		{EA197215-13BB-4729-9573-DB483A0EE1A3}.Debug|x86.ActiveCfg = Debug|Win32
		{EA197215-13BB-4729-9573-DB483A0EE1A3}.Debug|x86.Build.0 = Debug|Win32
		{EA197215-13BB-4729-9573-DB483A0EE1A3}.Release|x64.ActiveCfg = Release|x64
		{EA197215-13BB-4729-9573-DB483A0EE1A3}.Release|x64.Build.0 = Release|x64
		{EA197215-13BB-4729-9573-DB483A0EE1A3}.Release|x86.ActiveCfg = Release|Win32
		{EA197215-13BB-4729-9573-DB483A0EE1A3}.Release|x86.Build.0 = Release|Win32
		{F0716EC2-0BC5-43EA-9046-B203E0985A67}.Debug|x64.ActiveCfg = Debug|x64
		{F0716EC2-0BC5-43EA-9046-B203E0985A67}.Debug|x64.Build.0 = Debug|x64
		{F0716EC2-0BC5-43EA-9046-B203E0985A67}.Debug|x86.ActiveCfg = Debug|Win32
		{F0716EC2-0BC5-43EA-9046-B203E0985A67}.Debug|x86.Build.0 = Debug|Win32
		{F0716EC2-0BC5-43EA-9046-B203E0985A67}.Release|x64.ActiveCfg = Release|x64
		{F0716EC2-0BC5-43EA-9046-B203E0985A67}.Release|x64.Build.0 = Release|x64
		{F0716EC2-0BC5-43EA-9046-B203E0985A67}.Release|x86.ActiveCfg = Release|Win32
		{F0716EC2-0BC5-43EA-9046-B203E0985A67}.Release|x86.Build.0 = Release|Win32
		{E6AD8489-E7AB-4940-9D99-7020C713846C}.Debug|x64.ActiveCfg = Debug|x64
		{E6AD8489-E7AB-4940-9D99-7020C713846C}.Debug|x64.Build.0 = Debug|x64
		{E6AD8489-E7AB-4940-9D99-7020C713846C}.Debug|x86.ActiveCfg = Debug|Win32
		{E6AD8489-E7AB-4940-9D99-7020C713846C}.Debug|x86.Build.0 = Debug|Win32
		{E6AD8489-E7AB-4940-9D99-7020C713846C}.Release|x64.ActiveCfg = Release|x64
		{E6AD8489-E7AB-4940-9D99-7020C713846C}.Release|x64.Build.0 = Release|x64
		{E6AD8489-E7AB-4940-9D99-7020C713846C}.Release|x86.ActiveCfg = Release|Win32
		{E6AD8489-E7AB-4940-9D99-7020C713846C}.Release|x86.Build.0 = Release|Win32
		{E900C797-09AD-46CE-9F93-4065214CF169}.Debug|x64.ActiveCfg = Debug|x64
		{E900C797-09AD-46CE-9F93-4065214CF169}.Debug|x64.Build.0 = Debug|x64
		{E900C797-09AD-46CE-9F93-4065214CF169}.Debug|x86.ActiveCfg = Debug|Win32
		{E900C797-09AD-46CE-9F93-4065214CF169}.Debug|x86.Build.0 = Debug|Win32
		{E900C797-09AD-46CE-9F93-4065214CF169}.Release|x64.ActiveCfg = Release|x64
		{E900C797-09AD-46CE-9F93-4065214CF169}.Release|x64.Build.0 = Release|x64
		{E900C797-09AD-46CE-9F93-4065214CF169}.Release|x86.ActiveCfg = Release|Win32
		{E900C797-09AD-46CE-9F93-4065214CF169}.Release|x86.Build.0 = Release|Win32
		{A61BCCCA-AE6F-47A9-A48F-455EDCB55148}.Debug|x64.ActiveCfg = Debug|x64
		{A61BCCCA-AE6F-47A9-A48F-455EDCB55148}.Debug|x64.Build.0 = Debug|x64
		{A61BCCCA-AE6F-47A9-A48F-455EDCB55148}.Debug|x86.ActiveCfg = Debug|Win32
		{A61BCCCA-AE6F-47A9-A48F-455EDCB55148}.Debug|x86.Build.0 = Debug|Win32
		{A61BCCCA-AE6F-47A9-A48F-455EDCB55148}.Release|x64.ActiveCfg = Release|x64
		{A61BCCCA-AE6F-47A9-A48F-455EDCB55148}.Release|x64.Build.0 = Release|x64
		{A61BCCCA-AE6F-47A9-A48F-455EDCB55148}.Release|x86.ActiveCfg = Release|Win32
		{A61BCCCA-AE6F-47A9-A48F-455EDCB55148}.Release|x86.Build.0 = Release|Win32
		{48EA064C-43D1-448E-A47D-9534DB00D4F7}.Debug|x64.ActiveCfg = Debug|x64
		{48EA064C-43D1-448E-A47D-9534DB00D4F7}.Debug|x64.Build.0 = Debug|x64
		{48EA064C-43D1-448E-A47D-9534DB00D4F7}.Debug|x86.ActiveCfg = Debug|Win32
		{48EA064C-43D1-448E-A47D-9534DB00D4F7}.Debug|x86.Build.0 = Debug|Win32
		{48EA064C-43D1-448E-A47D-9534DB00D4F7}.Release|x64.ActiveCfg = Release|x64
		{48EA064C-43D1-448E-A47D-9534DB00D4F7}.Release|x64.Build.0 = Release|x64
		{48EA064C-43D1-448E-A47D-9534DB00D4F7}.Release|x86.ActiveCfg = Release|Win32
		{48EA064C-43D1-448E-A47D-9534DB00D4F7}.Release|x86.Build.0 = Release|Win32
		{4D4CD930-A8EE-4E47-B65A-CB02F35E2595}.Debug|x64.ActiveCfg = Debug|x64
		{4D4CD930-A8EE-4E47-B65A-CB02F35E2595}.Debug|x64.Build.0 = Debug|x64
		{4D4CD930-A8EE-4E47-B65A-CB02F35E2595}.Debug|x86.ActiveCfg = Debug|Win32
		{4D4CD930-A8EE-4E47-B65A-CB02F35E2595}.Debug|x86.Build.0 = Debug|Win32
		{4D4CD930-A8EE-4E47-B65A-CB02F35E2595}.Release|x64.ActiveCfg = Release|x64
		{4D4CD930-A8EE-4E47-B65A-CB02F35E2595}.Release|x64.Build.0 = Release|x64
		{4D4CD930-A8EE-4E47-B65A-CB02F35E2595}.Release|x86.ActiveCfg = Release|Win32
		{4D4CD930-A8EE-4E47-B65A-CB02F35E2595}.Release|x86.Build.0 = Release|Win32
	EndGlobalSection
	GlobalSection(SolutionProperties) = preSolution
		HideSolutionNode = FALSE
	EndGlobalSection
	GlobalSection(NestedProjects) = preSolution
		{EA197215-13BB-4729-9573-DB483A0EE1A3} = {1C8761A0-A3EF-40C0-98E4-C78AB2B787AC}
		{F0716EC2-0BC5-43EA-9046-B203E0985A67} = {E54C6EC2-5097-4986-A7C5-AF0C5D5FC52B}
		{E6AD8489-E7AB-4940-9D99-7020C713846C} = {37F7F441-AA19-4A3F-8C44-8A88B4397CB1}
		{E900C797-09AD-46CE-9F93-4065214CF169} = {70B466A1-B8E8-44E4-96F4-B934B9CCB3BF}
		{A61BCCCA-AE6F-47A9-A48F-455EDCB55148} = {04F697BD-E005-4035-B6A7-530F741FB487}
		{48EA064C-43D1-448E-A47D-9534DB00D4F7} = {70B466A1-B8E8-44E4-96F4-B934B9CCB3BF}
		{4D4CD930-A8EE-4E47-B65A-CB02F35E2595} = {04F697BD-E005-4035-B6A7-530F741FB487}
	EndGlobalSection
	GlobalSection(ExtensibilityGlobals) = postSolution
		SolutionGuid = {6C13538E-9FDD-4DD1-A645-B43381083870}
	EndGlobalSection
EndGlobal
