<?xml version="1.0" encoding="utf-8"?>
<Project ToolsVersion="4.0" xmlns="http://schemas.microsoft.com/developer/msbuild/2003">
  <ItemGroup>
    <ClInclude Include="PreCompile.h">
      <Filter>PreCompile</Filter>
    </ClInclude>
    <ClInclude Include="PlayGameMode.h">
      <Filter>Level</Filter>
    </ClInclude>
    <ClInclude Include="ContentsCore.h">
      <Filter>Core</Filter>
    </ClInclude>
    <ClInclude Include="PlayBack.h">
      <Filter>Level\Actor</Filter>
    </ClInclude>
    <ClInclude Include="TitleLogo.h">
      <Filter>TitleLevel\Actor</Filter>
    </ClInclude>
    <ClInclude Include="TitleGameMode.h">
      <Filter>TitleLevel</Filter>
    </ClInclude>
    <ClInclude Include="ContentsHelper.h">
      <Filter>Helper</Filter>
    </ClInclude>
    <ClInclude Include="Rock.h">
      <Filter>Level\Actor</Filter>
    </ClInclude>
    <ClInclude Include="BabaBase.h">
      <Filter>Level\Actor\Base</Filter>
    </ClInclude>
  </ItemGroup>
  <ItemGroup>
    <ClCompile Include="PreCompile.cpp">
      <Filter>PreCompile</Filter>
    </ClCompile>
    <ClCompile Include="PlayGameMode.cpp">
      <Filter>Level</Filter>
    </ClCompile>
    <ClCompile Include="ContentsCore.cpp">
      <Filter>Core</Filter>
    </ClCompile>
    <ClCompile Include="PlayBack.cpp">
      <Filter>Level\Actor</Filter>
    </ClCompile>
    <ClCompile Include="TitleLogo.cpp">
      <Filter>TitleLevel\Actor</Filter>
    </ClCompile>
    <ClCompile Include="TitleGameMode.cpp">
      <Filter>TitleLevel</Filter>
    </ClCompile>
    <ClCompile Include="ContentsHelper.cpp">
      <Filter>Helper</Filter>
    </ClCompile>
    <ClCompile Include="Rock.cpp">
      <Filter>Level\Actor</Filter>
    </ClCompile>
    <ClCompile Include="BabaBase.cpp">
      <Filter>Level\Actor\Base</Filter>
    </ClCompile>
    <ClCompile Include="BabaState.cpp">
      <Filter>Level\Actor\Base</Filter>
    </ClCompile>
  </ItemGroup>
  <ItemGroup>
    <Filter Include="PreCompile">
      <UniqueIdentifier>{1092d76d-793e-4394-8635-88e50e3ee43f}</UniqueIdentifier>
    </Filter>
    <Filter Include="Level">
      <UniqueIdentifier>{349c5322-d069-4baf-a152-6023071f3c50}</UniqueIdentifier>
    </Filter>
    <Filter Include="Core">
      <UniqueIdentifier>{89e67934-4331-436f-8785-cdad6131b3f3}</UniqueIdentifier>
    </Filter>
    <Filter Include="Level\Actor">
      <UniqueIdentifier>{0702a492-61de-4ec2-8a52-a0114ce21240}</UniqueIdentifier>
    </Filter>
    <Filter Include="TitleLevel">
      <UniqueIdentifier>{12646fc8-d99e-408e-bced-056802442d48}</UniqueIdentifier>
    </Filter>
    <Filter Include="TitleLevel\Actor">
      <UniqueIdentifier>{97338342-c0eb-479d-be11-0f033217b634}</UniqueIdentifier>
    </Filter>
    <Filter Include="Helper">
      <UniqueIdentifier>{5cbfdc4b-326e-4384-9205-ced88a8edca5}</UniqueIdentifier>
    </Filter>
    <Filter Include="Level\Actor\Base">
      <UniqueIdentifier>{888c348b-77e0-4c1f-9a3d-8741e4e549ea}</UniqueIdentifier>
    </Filter>
  </ItemGroup>
</Project>