<?xml version="1.0" encoding="utf-8"?>
<Project ToolsVersion="4.0" xmlns="http://schemas.microsoft.com/developer/msbuild/2003">
  <ItemGroup>
    <ClInclude Include="PreCompile.h">
      <Filter>PreCompile</Filter>
    </ClInclude>
    <ClInclude Include="PlayGameMode.h">
      <Filter>Level</Filter>
    </ClInclude>
    <ClInclude Include="ContentsCore.h">
      <Filter>Core</Filter>
    </ClInclude>
    <ClInclude Include="PlayBack.h">
      <Filter>Level\Actor</Filter>
    </ClInclude>
    <ClInclude Include="ContentsHelper.h">
      <Filter>Helper</Filter>
    </ClInclude>
    <ClInclude Include="BabaBase.h">
      <Filter>Level\Actor\Base</Filter>
    </ClInclude>
    <ClInclude Include="Word.h">
      <Filter>Level\Actor\Word</Filter>
    </ClInclude>
    <ClInclude Include="IsWord.h">
      <Filter>Level\Actor\Word</Filter>
    </ClInclude>
    <ClInclude Include="NameWord.h">
      <Filter>Level\Actor\Word</Filter>
    </ClInclude>
    <ClInclude Include="ActiveWord.h">
      <Filter>Level\Actor\Word</Filter>
    </ClInclude>
    <ClInclude Include="BabaEditor.h">
      <Filter>MapEdit</Filter>
    </ClInclude>
    <ClInclude Include="BackGround.h">
      <Filter>Level\Actor\Fade</Filter>
    </ClInclude>
    <ClInclude Include="BackgroundCirCle.h">
      <Filter>Level\Actor\Fade</Filter>
    </ClInclude>
    <ClInclude Include="FadeINEffect.h">
      <Filter>Effect</Filter>
    </ClInclude>
    <ClInclude Include="FadeOUTEffect.h">
      <Filter>Effect</Filter>
    </ClInclude>
    <ClInclude Include="Dust.h">
      <Filter>Level\Actor\Base</Filter>
    </ClInclude>
    <ClInclude Include="TileMap.h">
      <Filter>Level\Actor\Base</Filter>
    </ClInclude>
  </ItemGroup>
  <ItemGroup>
    <ClCompile Include="PreCompile.cpp">
      <Filter>PreCompile</Filter>
    </ClCompile>
    <ClCompile Include="PlayGameMode.cpp">
      <Filter>Level</Filter>
    </ClCompile>
    <ClCompile Include="ContentsCore.cpp">
      <Filter>Core</Filter>
    </ClCompile>
    <ClCompile Include="PlayBack.cpp">
      <Filter>Level\Actor</Filter>
    </ClCompile>
    <ClCompile Include="ContentsHelper.cpp">
      <Filter>Helper</Filter>
    </ClCompile>
    <ClCompile Include="BabaBase.cpp">
      <Filter>Level\Actor\Base</Filter>
    </ClCompile>
    <ClCompile Include="Word.cpp">
      <Filter>Level\Actor\Word</Filter>
    </ClCompile>
    <ClCompile Include="IsWord.cpp">
      <Filter>Level\Actor\Word</Filter>
    </ClCompile>
    <ClCompile Include="NameWord.cpp">
      <Filter>Level\Actor\Word</Filter>
    </ClCompile>
    <ClCompile Include="ActiveWord.cpp">
      <Filter>Level\Actor\Word</Filter>
    </ClCompile>
    <ClCompile Include="BabaEditor.cpp">
      <Filter>MapEdit</Filter>
    </ClCompile>
    <ClCompile Include="BackGround.cpp">
      <Filter>Level\Actor\Fade</Filter>
    </ClCompile>
    <ClCompile Include="BackgroundCirCle.cpp">
      <Filter>Level\Actor\Fade</Filter>
    </ClCompile>
    <ClCompile Include="FadeINEffect.cpp">
      <Filter>Effect</Filter>
    </ClCompile>
    <ClCompile Include="FadeOUTEffect.cpp">
      <Filter>Effect</Filter>
    </ClCompile>
    <ClCompile Include="Dust.cpp">
      <Filter>Level\Actor\Base</Filter>
    </ClCompile>
    <ClCompile Include="TileMap.cpp">
      <Filter>Level\Actor\Base</Filter>
    </ClCompile>
  </ItemGroup>
  <ItemGroup>
    <Filter Include="PreCompile">
      <UniqueIdentifier>{1092d76d-793e-4394-8635-88e50e3ee43f}</UniqueIdentifier>
    </Filter>
    <Filter Include="Level">
      <UniqueIdentifier>{349c5322-d069-4baf-a152-6023071f3c50}</UniqueIdentifier>
    </Filter>
    <Filter Include="Core">
      <UniqueIdentifier>{89e67934-4331-436f-8785-cdad6131b3f3}</UniqueIdentifier>
    </Filter>
    <Filter Include="Level\Actor">
      <UniqueIdentifier>{0702a492-61de-4ec2-8a52-a0114ce21240}</UniqueIdentifier>
    </Filter>
    <Filter Include="Helper">
      <UniqueIdentifier>{5cbfdc4b-326e-4384-9205-ced88a8edca5}</UniqueIdentifier>
    </Filter>
    <Filter Include="Level\Actor\Base">
      <UniqueIdentifier>{888c348b-77e0-4c1f-9a3d-8741e4e549ea}</UniqueIdentifier>
    </Filter>
    <Filter Include="Level\Actor\Word">
      <UniqueIdentifier>{64f15921-8804-4dbb-be99-dd4e558d3567}</UniqueIdentifier>
    </Filter>
    <Filter Include="MapEdit">
      <UniqueIdentifier>{1d5bc643-d7cd-44a7-9944-0b0fff0910bc}</UniqueIdentifier>
    </Filter>
    <Filter Include="Level\Actor\Fade">
      <UniqueIdentifier>{0b5270d6-3716-4be0-b0c1-1588da7fdc4e}</UniqueIdentifier>
    </Filter>
    <Filter Include="Effect">
      <UniqueIdentifier>{eb6f895b-33ca-4482-85c0-cb17805e5367}</UniqueIdentifier>
    </Filter>
  </ItemGroup>
</Project>